
Microsoft Visual Studio Solution File, Format Version 12.00
# Visual Studio Version 17
VisualStudioVersion = 17.11.35312.102
MinimumVisualStudioVersion = 10.0.40219.1
Project("{FAE04EC0-301F-11D3-BF4B-00C04F79EFBC}") = "LeonardoAndradePrimerProyecto", "LeonardoAndradePrimerProyecto\LeonardoAndradePrimerProyecto.csproj", "{C4140BBD-1D0F-47F8-937F-43ED949BDCEE}"
EndProject
Global
	GlobalSection(SolutionConfigurationPlatforms) = preSolution
		Debug|Any CPU = Debug|Any CPU
		Release|Any CPU = Release|Any CPU
	EndGlobalSection
	GlobalSection(ProjectConfigurationPlatforms) = postSolution
		{C4140BBD-1D0F-47F8-937F-43ED949BDCEE}.Debug|Any CPU.ActiveCfg = Debug|Any CPU
		{C4140BBD-1D0F-47F8-937F-43ED949BDCEE}.Debug|Any CPU.Build.0 = Debug|Any CPU
		{C4140BBD-1D0F-47F8-937F-43ED949BDCEE}.Release|Any CPU.ActiveCfg = Release|Any CPU
		{C4140BBD-1D0F-47F8-937F-43ED949BDCEE}.Release|Any CPU.Build.0 = Release|Any CPU
	EndGlobalSection
	GlobalSection(SolutionProperties) = preSolution
		HideSolutionNode = FALSE
	EndGlobalSection
	GlobalSection(ExtensibilityGlobals) = postSolution
		SolutionGuid = {450368B3-6A4D-4A6C-B090-42E7F44BE613}
	EndGlobalSection
EndGlobal
